
Microsoft Visual Studio Solution File, Format Version 12.00
# Visual Studio Version 16
VisualStudioVersion = 16.0.31005.135
MinimumVisualStudioVersion = 10.0.40219.1
Project("{FAE04EC0-301F-11D3-BF4B-00C04F79EFBC}") = "Simulacion_Procesos", "Simulacion_Procesos.csproj", "{BCDF6ABD-FF01-4EAD-8345-AF5EA9785797}"
EndProject
Global
	GlobalSection(SolutionConfigurationPlatforms) = preSolution
		Debug|Any CPU = Debug|Any CPU
		Release|Any CPU = Release|Any CPU
	EndGlobalSection
	GlobalSection(ProjectConfigurationPlatforms) = postSolution
		{BCDF6ABD-FF01-4EAD-8345-AF5EA9785797}.Debug|Any CPU.ActiveCfg = Debug|Any CPU
		{BCDF6ABD-FF01-4EAD-8345-AF5EA9785797}.Debug|Any CPU.Build.0 = Debug|Any CPU
		{BCDF6ABD-FF01-4EAD-8345-AF5EA9785797}.Release|Any CPU.ActiveCfg = Release|Any CPU
		{BCDF6ABD-FF01-4EAD-8345-AF5EA9785797}.Release|Any CPU.Build.0 = Release|Any CPU
	EndGlobalSection
	GlobalSection(SolutionProperties) = preSolution
		HideSolutionNode = FALSE
	EndGlobalSection
	GlobalSection(ExtensibilityGlobals) = postSolution
		SolutionGuid = {C7ABF044-31C0-4A23-9DA2-2A4E797A8FDC}
	EndGlobalSection
EndGlobal
